
Microsoft Visual Studio Solution File, Format Version 12.00
# Visual Studio Version 17
VisualStudioVersion = 17.14.36623.8
MinimumVisualStudioVersion = 10.0.40219.1
Project("{FAE04EC0-301F-11D3-BF4B-00C04F79EFBC}") = "TelemarketingApp.WebApi", "TelemarketingApp.WebApi\TelemarketingApp.WebApi.csproj", "{C44A9E66-BFA3-4217-8A51-2EF6CA8334EA}"
EndProject
Project("{FAE04EC0-301F-11D3-BF4B-00C04F79EFBC}") = "TelemarketingApp.Desktop", "TelemarketingApp.Desktop\TelemarketingApp.Desktop.csproj", "{5D2F3F8F-9939-441B-94B8-13B85BEC0388}"
EndProject
Global
	GlobalSection(SolutionConfigurationPlatforms) = preSolution
		Debug|Any CPU = Debug|Any CPU
		Release|Any CPU = Release|Any CPU
	EndGlobalSection
	GlobalSection(ProjectConfigurationPlatforms) = postSolution
		{C44A9E66-BFA3-4217-8A51-2EF6CA8334EA}.Debug|Any CPU.ActiveCfg = Debug|Any CPU
		{C44A9E66-BFA3-4217-8A51-2EF6CA8334EA}.Debug|Any CPU.Build.0 = Debug|Any CPU
		{C44A9E66-BFA3-4217-8A51-2EF6CA8334EA}.Release|Any CPU.ActiveCfg = Release|Any CPU
		{C44A9E66-BFA3-4217-8A51-2EF6CA8334EA}.Release|Any CPU.Build.0 = Release|Any CPU
		{5D2F3F8F-9939-441B-94B8-13B85BEC0388}.Debug|Any CPU.ActiveCfg = Debug|Any CPU
		{5D2F3F8F-9939-441B-94B8-13B85BEC0388}.Debug|Any CPU.Build.0 = Debug|Any CPU
		{5D2F3F8F-9939-441B-94B8-13B85BEC0388}.Release|Any CPU.ActiveCfg = Release|Any CPU
		{5D2F3F8F-9939-441B-94B8-13B85BEC0388}.Release|Any CPU.Build.0 = Release|Any CPU
	EndGlobalSection
	GlobalSection(SolutionProperties) = preSolution
		HideSolutionNode = FALSE
	EndGlobalSection
	GlobalSection(ExtensibilityGlobals) = postSolution
		SolutionGuid = {5637CCB3-F8F1-47B9-8639-5570AD921F73}
	EndGlobalSection
EndGlobal
